
Microsoft Visual Studio Solution File, Format Version 12.00
# Visual Studio Version 16
VisualStudioVersion = 16.0.30717.126
MinimumVisualStudioVersion = 10.0.40219.1
Project("{FAE04EC0-301F-11D3-BF4B-00C04F79EFBC}") = "EuromoneyAPITest", "EuromoneyAPITest\EuromoneyAPITest.csproj", "{03B22F45-CD45-42EA-BB2E-DD1BBD1C9931}"
EndProject
Global
	GlobalSection(SolutionConfigurationPlatforms) = preSolution
		Debug|Any CPU = Debug|Any CPU
		Release|Any CPU = Release|Any CPU
	EndGlobalSection
	GlobalSection(ProjectConfigurationPlatforms) = postSolution
		{03B22F45-CD45-42EA-BB2E-DD1BBD1C9931}.Debug|Any CPU.ActiveCfg = Debug|Any CPU
		{03B22F45-CD45-42EA-BB2E-DD1BBD1C9931}.Debug|Any CPU.Build.0 = Debug|Any CPU
		{03B22F45-CD45-42EA-BB2E-DD1BBD1C9931}.Release|Any CPU.ActiveCfg = Release|Any CPU
		{03B22F45-CD45-42EA-BB2E-DD1BBD1C9931}.Release|Any CPU.Build.0 = Release|Any CPU
	EndGlobalSection
	GlobalSection(SolutionProperties) = preSolution
		HideSolutionNode = FALSE
	EndGlobalSection
	GlobalSection(ExtensibilityGlobals) = postSolution
		SolutionGuid = {B3C951C5-6A7A-4A7F-AA39-CE87D2427B02}
	EndGlobalSection
EndGlobal
